{
  "name": "lytle-site-frontend",
  "requires": true,
  "lockfileVersion": 1,
  "dependencies": {
    "@jridgewell/gen-mapping": {
      "version": "0.3.13",
      "resolved": "https://registry.npmjs.org/@jridgewell/gen-mapping/-/gen-mapping-0.3.13.tgz",
      "integrity": "sha512-2kkt/7niJ6MgEPxF0bYdQ6etZaA+fQvDcLKckhy1yIQOzaoKjBBjSj63/aLVjYE3qhRt5dvM+uUyfCg6UKCBbA==",
      "requires": {
        "@jridgewell/sourcemap-codec": "^1.5.0",
        "@jridgewell/trace-mapping": "^0.3.24"
      }
    },
    "@jridgewell/remapping": {
      "version": "2.3.5",
      "resolved": "https://registry.npmjs.org/@jridgewell/remapping/-/remapping-2.3.5.tgz",
      "integrity": "sha512-LI9u/+laYG4Ds1TDKSJW2YPrIlcVYOwi2fUC6xB43lueCjgxV4lffOCZCtYFiH6TNOX+tQKXx97T4IKHbhyHEQ==",
      "requires": {
        "@jridgewell/gen-mapping": "^0.3.5",
        "@jridgewell/trace-mapping": "^0.3.24"
      }
    },
    "@jridgewell/resolve-uri": {
      "version": "3.1.2",
      "resolved": "https://registry.npmjs.org/@jridgewell/resolve-uri/-/resolve-uri-3.1.2.tgz",
      "integrity": "sha512-bRISgCIjP20/tbWSPWMEi54QVPRZExkuD9lJL+UIxUKtwVJA8wW1Trb1jMs1RFXo1CBTNZ/5hpC9QvmKWdopKw=="
    },
    "@jridgewell/sourcemap-codec": {
      "version": "1.5.5",
      "resolved": "https://registry.npmjs.org/@jridgewell/sourcemap-codec/-/sourcemap-codec-1.5.5.tgz",
      "integrity": "sha512-cYQ9310grqxueWbl+WuIUIaiUaDcj7WOq5fVhEljNVgRfOUhY9fy2zTvfoqWsnebh8Sl70VScFbICvJnLKB0Og=="
    },
    "@jridgewell/trace-mapping": {
      "version": "0.3.31",
      "resolved": "https://registry.npmjs.org/@jridgewell/trace-mapping/-/trace-mapping-0.3.31.tgz",
      "integrity": "sha512-zzNR+SdQSDJzc8joaeP8QQoCQr8NuYx2dIIytl1QeBEZHJ9uW6hebsrYgbz8hJwUQao3TWCMtmfV8Nu1twOLAw==",
      "requires": {
        "@jridgewell/resolve-uri": "^3.1.0",
        "@jridgewell/sourcemap-codec": "^1.4.14"
      }
    },
    "@nuxt/kit": {
      "version": "4.4.2",
      "resolved": "https://registry.npmjs.org/@nuxt/kit/-/kit-4.4.2.tgz",
      "integrity": "sha512-5+IPRNX2CjkBhuWUwz0hBuLqiaJPRoKzQ+SvcdrQDbAyE+VDeFt74VpSFr5/R0ujrK4b+XnSHUJWdS72w6hsog==",
      "requires": {
        "c12": "^3.3.3",
        "consola": "^3.4.2",
        "defu": "^6.1.4",
        "destr": "^2.0.5",
        "errx": "^0.1.0",
        "exsolve": "^1.0.8",
        "ignore": "^7.0.5",
        "jiti": "^2.6.1",
        "klona": "^2.0.6",
        "mlly": "^1.8.1",
        "ohash": "^2.0.11",
        "pathe": "^2.0.3",
        "pkg-types": "^2.3.0",
        "rc9": "^3.0.0",
        "scule": "^1.3.0",
        "semver": "^7.7.4",
        "tinyglobby": "^0.2.15",
        "ufo": "^1.6.3",
        "unctx": "^2.5.0",
        "untyped": "^2.0.0"
      }
    },
    "@nuxtjs/color-mode": {
      "version": "4.0.0",
      "resolved": "https://registry.npmjs.org/@nuxtjs/color-mode/-/color-mode-4.0.0.tgz",
      "integrity": "sha512-xyaVR/TPLdMuRa2VOgH6b75jvmFEsn9QKL6ISldaAw38ooFJfWY1ts2F3ye43wcT/goCbcuvPuskF2f8yUZhlw==",
      "requires": {
        "@nuxt/kit": "^4.2.1",
        "exsolve": "^1.0.8",
        "pathe": "^2.0.3",
        "pkg-types": "^2.3.0",
        "semver": "^7.7.3"
      }
    },
    "@types/estree": {
      "version": "1.0.8",
      "resolved": "https://registry.npmjs.org/@types/estree/-/estree-1.0.8.tgz",
      "integrity": "sha512-dWHzHa2WqEXI/O1E9OjrocMTKJl2mSrEolh1Iomrv6U+JuNwaHXsXx9bLu5gG7BUWFIN0skIQJQ/L1rIex4X6w=="
    },
    "acorn": {
      "version": "8.16.0",
      "resolved": "https://registry.npmjs.org/acorn/-/acorn-8.16.0.tgz",
      "integrity": "sha512-UVJyE9MttOsBQIDKw1skb9nAwQuR5wuGD3+82K6JgJlm/Y+KI92oNsMNGZCYdDsVtRHSak0pcV5Dno5+4jh9sw=="
    },
    "c12": {
      "version": "3.3.3",
      "resolved": "https://registry.npmjs.org/c12/-/c12-3.3.3.tgz",
      "integrity": "sha512-750hTRvgBy5kcMNPdh95Qo+XUBeGo8C7nsKSmedDmaQI+E0r82DwHeM6vBewDe4rGFbnxoa4V9pw+sPh5+Iz8Q==",
      "requires": {
        "chokidar": "^5.0.0",
        "confbox": "^0.2.2",
        "defu": "^6.1.4",
        "dotenv": "^17.2.3",
        "exsolve": "^1.0.8",
        "giget": "^2.0.0",
        "jiti": "^2.6.1",
        "ohash": "^2.0.11",
        "pathe": "^2.0.3",
        "perfect-debounce": "^2.0.0",
        "pkg-types": "^2.3.0",
        "rc9": "^2.1.2"
      },
      "dependencies": {
        "rc9": {
          "version": "2.1.2",
          "resolved": "https://registry.npmjs.org/rc9/-/rc9-2.1.2.tgz",
          "integrity": "sha512-btXCnMmRIBINM2LDZoEmOogIZU7Qe7zn4BpomSKZ/ykbLObuBdvG+mFq11DL6fjH1DRwHhrlgtYWG96bJiC7Cg==",
          "requires": {
            "defu": "^6.1.4",
            "destr": "^2.0.3"
          }
        }
      }
    },
    "chokidar": {
      "version": "5.0.0",
      "resolved": "https://registry.npmjs.org/chokidar/-/chokidar-5.0.0.tgz",
      "integrity": "sha512-TQMmc3w+5AxjpL8iIiwebF73dRDF4fBIieAqGn9RGCWaEVwQ6Fb2cGe31Yns0RRIzii5goJ1Y7xbMwo1TxMplw==",
      "requires": {
        "readdirp": "^5.0.0"
      }
    },
    "citty": {
      "version": "0.1.6",
      "resolved": "https://registry.npmjs.org/citty/-/citty-0.1.6.tgz",
      "integrity": "sha512-tskPPKEs8D2KPafUypv2gxwJP8h/OaJmC82QQGGDQcHvXX43xF2VDACcJVmZ0EuSxkpO9Kc4MlrA3q0+FG58AQ==",
      "requires": {
        "consola": "^3.2.3"
      }
    },
    "confbox": {
      "version": "0.2.4",
      "resolved": "https://registry.npmjs.org/confbox/-/confbox-0.2.4.tgz",
      "integrity": "sha512-ysOGlgTFbN2/Y6Cg3Iye8YKulHw+R2fNXHrgSmXISQdMnomY6eNDprVdW9R5xBguEqI954+S6709UyiO7B+6OQ=="
    },
    "consola": {
      "version": "3.4.2",
      "resolved": "https://registry.npmjs.org/consola/-/consola-3.4.2.tgz",
      "integrity": "sha512-5IKcdX0nnYavi6G7TtOhwkYzyjfJlatbjMjuLSfE2kYT5pMDOilZ4OvMhi637CcDICTmz3wARPoyhqyX1Y+XvA=="
    },
    "defu": {
      "version": "6.1.4",
      "resolved": "https://registry.npmjs.org/defu/-/defu-6.1.4.tgz",
      "integrity": "sha512-mEQCMmwJu317oSz8CwdIOdwf3xMif1ttiM8LTufzc3g6kR+9Pe236twL8j3IYT1F7GfRgGcW6MWxzZjLIkuHIg=="
    },
    "destr": {
      "version": "2.0.5",
      "resolved": "https://registry.npmjs.org/destr/-/destr-2.0.5.tgz",
      "integrity": "sha512-ugFTXCtDZunbzasqBxrK93Ik/DRYsO6S/fedkWEMKqt04xZ4csmnmwGDBAb07QWNaGMAmnTIemsYZCksjATwsA=="
    },
    "dotenv": {
      "version": "17.3.1",
      "resolved": "https://registry.npmjs.org/dotenv/-/dotenv-17.3.1.tgz",
      "integrity": "sha512-IO8C/dzEb6O3F9/twg6ZLXz164a2fhTnEWb95H23Dm4OuN+92NmEAlTrupP9VW6Jm3sO26tQlqyvyi4CsnY9GA=="
    },
    "errx": {
      "version": "0.1.0",
      "resolved": "https://registry.npmjs.org/errx/-/errx-0.1.0.tgz",
      "integrity": "sha512-fZmsRiDNv07K6s2KkKFTiD2aIvECa7++PKyD5NC32tpRw46qZA3sOz+aM+/V9V0GDHxVTKLziveV4JhzBHDp9Q=="
    },
    "estree-walker": {
      "version": "3.0.3",
      "resolved": "https://registry.npmjs.org/estree-walker/-/estree-walker-3.0.3.tgz",
      "integrity": "sha512-7RUKfXgSMMkzt6ZuXmqapOurLGPPfgj6l9uRZ7lRGolvk0y2yocc35LdcxKC5PQZdn2DMqioAQ2NoWcrTKmm6g==",
      "requires": {
        "@types/estree": "^1.0.0"
      }
    },
    "exsolve": {
      "version": "1.0.8",
      "resolved": "https://registry.npmjs.org/exsolve/-/exsolve-1.0.8.tgz",
      "integrity": "sha512-LmDxfWXwcTArk8fUEnOfSZpHOJ6zOMUJKOtFLFqJLoKJetuQG874Uc7/Kki7zFLzYybmZhp1M7+98pfMqeX8yA=="
    },
    "fdir": {
      "version": "6.5.0",
      "resolved": "https://registry.npmjs.org/fdir/-/fdir-6.5.0.tgz",
      "integrity": "sha512-tIbYtZbucOs0BRGqPJkshJUYdL+SDH7dVM8gjy+ERp3WAUjLEFJE+02kanyHtwjWOnwrKYBiwAmM0p4kLJAnXg=="
    },
    "giget": {
      "version": "2.0.0",
      "resolved": "https://registry.npmjs.org/giget/-/giget-2.0.0.tgz",
      "integrity": "sha512-L5bGsVkxJbJgdnwyuheIunkGatUF/zssUoxxjACCseZYAVbaqdh9Tsmmlkl8vYan09H7sbvKt4pS8GqKLBrEzA==",
      "requires": {
        "citty": "^0.1.6",
        "consola": "^3.4.0",
        "defu": "^6.1.4",
        "node-fetch-native": "^1.6.6",
        "nypm": "^0.6.0",
        "pathe": "^2.0.3"
      }
    },
    "ignore": {
      "version": "7.0.5",
      "resolved": "https://registry.npmjs.org/ignore/-/ignore-7.0.5.tgz",
      "integrity": "sha512-Hs59xBNfUIunMFgWAbGX5cq6893IbWg4KnrjbYwX3tx0ztorVgTDA6B2sxf8ejHJ4wz8BqGUMYlnzNBer5NvGg=="
    },
    "jiti": {
      "version": "2.6.1",
      "resolved": "https://registry.npmjs.org/jiti/-/jiti-2.6.1.tgz",
      "integrity": "sha512-ekilCSN1jwRvIbgeg/57YFh8qQDNbwDb9xT/qu2DAHbFFZUicIl4ygVaAvzveMhMVr3LnpSKTNnwt8PoOfmKhQ=="
    },
    "klona": {
      "version": "2.0.6",
      "resolved": "https://registry.npmjs.org/klona/-/klona-2.0.6.tgz",
      "integrity": "sha512-dhG34DXATL5hSxJbIexCft8FChFXtmskoZYnoPWjXQuebWYCNkVeV3KkGegCK9CP1oswI/vQibS2GY7Em/sJJA=="
    },
    "knitwork": {
      "version": "1.3.0",
      "resolved": "https://registry.npmjs.org/knitwork/-/knitwork-1.3.0.tgz",
      "integrity": "sha512-4LqMNoONzR43B1W0ek0fhXMsDNW/zxa1NdFAVMY+k28pgZLovR4G3PB5MrpTxCy1QaZCqNoiaKPr5w5qZHfSNw=="
    },
    "magic-string": {
      "version": "0.30.21",
      "resolved": "https://registry.npmjs.org/magic-string/-/magic-string-0.30.21.tgz",
      "integrity": "sha512-vd2F4YUyEXKGcLHoq+TEyCjxueSeHnFxyyjNp80yg0XV4vUhnDer/lvvlqM/arB5bXQN5K2/3oinyCRyx8T2CQ==",
      "requires": {
        "@jridgewell/sourcemap-codec": "^1.5.5"
      }
    },
    "mlly": {
      "version": "1.8.2",
      "resolved": "https://registry.npmjs.org/mlly/-/mlly-1.8.2.tgz",
      "integrity": "sha512-d+ObxMQFmbt10sretNDytwt85VrbkhhUA/JBGm1MPaWJ65Cl4wOgLaB1NYvJSZ0Ef03MMEU/0xpPMXUIQ29UfA==",
      "requires": {
        "acorn": "^8.16.0",
        "pathe": "^2.0.3",
        "pkg-types": "^1.3.1",
        "ufo": "^1.6.3"
      },
      "dependencies": {
        "confbox": {
          "version": "0.1.8",
          "resolved": "https://registry.npmjs.org/confbox/-/confbox-0.1.8.tgz",
          "integrity": "sha512-RMtmw0iFkeR4YV+fUOSucriAQNb9g8zFR52MWCtl+cCZOFRNL6zeB395vPzFhEjjn4fMxXudmELnl/KF/WrK6w=="
        },
        "pkg-types": {
          "version": "1.3.1",
          "resolved": "https://registry.npmjs.org/pkg-types/-/pkg-types-1.3.1.tgz",
          "integrity": "sha512-/Jm5M4RvtBFVkKWRu2BLUTNP8/M2a+UwuAX+ae4770q1qVGtfjG+WTCupoZixokjmHiry8uI+dlY8KXYV5HVVQ==",
          "requires": {
            "confbox": "^0.1.8",
            "mlly": "^1.7.4",
            "pathe": "^2.0.1"
          }
        }
      }
    },
    "node-fetch-native": {
      "version": "1.6.7",
      "resolved": "https://registry.npmjs.org/node-fetch-native/-/node-fetch-native-1.6.7.tgz",
      "integrity": "sha512-g9yhqoedzIUm0nTnTqAQvueMPVOuIY16bqgAJJC8XOOubYFNwz6IER9qs0Gq2Xd0+CecCKFjtdDTMA4u4xG06Q=="
    },
    "nypm": {
      "version": "0.6.5",
      "resolved": "https://registry.npmjs.org/nypm/-/nypm-0.6.5.tgz",
      "integrity": "sha512-K6AJy1GMVyfyMXRVB88700BJqNUkByijGJM8kEHpLdcAt+vSQAVfkWWHYzuRXHSY6xA2sNc5RjTj0p9rE2izVQ==",
      "requires": {
        "citty": "^0.2.0",
        "pathe": "^2.0.3",
        "tinyexec": "^1.0.2"
      },
      "dependencies": {
        "citty": {
          "version": "0.2.1",
          "resolved": "https://registry.npmjs.org/citty/-/citty-0.2.1.tgz",
          "integrity": "sha512-kEV95lFBhQgtogAPlQfJJ0WGVSokvLr/UEoFPiKKOXF7pl98HfUVUD0ejsuTCld/9xH9vogSywZ5KqHzXrZpqg=="
        }
      }
    },
    "ohash": {
      "version": "2.0.11",
      "resolved": "https://registry.npmjs.org/ohash/-/ohash-2.0.11.tgz",
      "integrity": "sha512-RdR9FQrFwNBNXAr4GixM8YaRZRJ5PUWbKYbE5eOsrwAjJW0q2REGcf79oYPsLyskQCZG1PLN+S/K1V00joZAoQ=="
    },
    "pathe": {
      "version": "2.0.3",
      "resolved": "https://registry.npmjs.org/pathe/-/pathe-2.0.3.tgz",
      "integrity": "sha512-WUjGcAqP1gQacoQe+OBJsFA7Ld4DyXuUIjZ5cc75cLHvJ7dtNsTugphxIADwspS+AraAUePCKrSVtPLFj/F88w=="
    },
    "perfect-debounce": {
      "version": "2.1.0",
      "resolved": "https://registry.npmjs.org/perfect-debounce/-/perfect-debounce-2.1.0.tgz",
      "integrity": "sha512-LjgdTytVFXeUgtHZr9WYViYSM/g8MkcTPYDlPa3cDqMirHjKiSZPYd6DoL7pK8AJQr+uWkQvCjHNdiMqsrJs+g=="
    },
    "picomatch": {
      "version": "4.0.4",
      "resolved": "https://registry.npmjs.org/picomatch/-/picomatch-4.0.4.tgz",
      "integrity": "sha512-QP88BAKvMam/3NxH6vj2o21R6MjxZUAd6nlwAS/pnGvN9IVLocLHxGYIzFhg6fUQ+5th6P4dv4eW9jX3DSIj7A=="
    },
    "pkg-types": {
      "version": "2.3.0",
      "resolved": "https://registry.npmjs.org/pkg-types/-/pkg-types-2.3.0.tgz",
      "integrity": "sha512-SIqCzDRg0s9npO5XQ3tNZioRY1uK06lA41ynBC1YmFTmnY6FjUjVt6s4LoADmwoig1qqD0oK8h1p/8mlMx8Oig==",
      "requires": {
        "confbox": "^0.2.2",
        "exsolve": "^1.0.7",
        "pathe": "^2.0.3"
      }
    },
    "rc9": {
      "version": "3.0.0",
      "resolved": "https://registry.npmjs.org/rc9/-/rc9-3.0.0.tgz",
      "integrity": "sha512-MGOue0VqscKWQ104udASX/3GYDcKyPI4j4F8gu/jHHzglpmy9a/anZK3PNe8ug6aZFl+9GxLtdhe3kVZuMaQbA==",
      "requires": {
        "defu": "^6.1.4",
        "destr": "^2.0.5"
      }
    },
    "readdirp": {
      "version": "5.0.0",
      "resolved": "https://registry.npmjs.org/readdirp/-/readdirp-5.0.0.tgz",
      "integrity": "sha512-9u/XQ1pvrQtYyMpZe7DXKv2p5CNvyVwzUB6uhLAnQwHMSgKMBR62lc7AHljaeteeHXn11XTAaLLUVZYVZyuRBQ=="
    },
    "scule": {
      "version": "1.3.0",
      "resolved": "https://registry.npmjs.org/scule/-/scule-1.3.0.tgz",
      "integrity": "sha512-6FtHJEvt+pVMIB9IBY+IcCJ6Z5f1iQnytgyfKMhDKgmzYG+TeH/wx1y3l27rshSbLiSanrR9ffZDrEsmjlQF2g=="
    },
    "semver": {
      "version": "7.7.4",
      "resolved": "https://registry.npmjs.org/semver/-/semver-7.7.4.tgz",
      "integrity": "sha512-vFKC2IEtQnVhpT78h1Yp8wzwrf8CM+MzKMHGJZfBtzhZNycRFnXsHk6E5TxIkkMsgNS7mdX3AGB7x2QM2di4lA=="
    },
    "tinyexec": {
      "version": "1.0.4",
      "resolved": "https://registry.npmjs.org/tinyexec/-/tinyexec-1.0.4.tgz",
      "integrity": "sha512-u9r3uZC0bdpGOXtlxUIdwf9pkmvhqJdrVCH9fapQtgy/OeTTMZ1nqH7agtvEfmGui6e1XxjcdrlxvxJvc3sMqw=="
    },
    "tinyglobby": {
      "version": "0.2.15",
      "resolved": "https://registry.npmjs.org/tinyglobby/-/tinyglobby-0.2.15.tgz",
      "integrity": "sha512-j2Zq4NyQYG5XMST4cbs02Ak8iJUdxRM0XI5QyxXuZOzKOINmWurp3smXu3y5wDcJrptwpSjgXHzIQxR0omXljQ==",
      "requires": {
        "fdir": "^6.5.0",
        "picomatch": "^4.0.3"
      }
    },
    "ufo": {
      "version": "1.6.3",
      "resolved": "https://registry.npmjs.org/ufo/-/ufo-1.6.3.tgz",
      "integrity": "sha512-yDJTmhydvl5lJzBmy/hyOAA0d+aqCBuwl818haVdYCRrWV84o7YyeVm4QlVHStqNrrJSTb6jKuFAVqAFsr+K3Q=="
    },
    "unctx": {
      "version": "2.5.0",
      "resolved": "https://registry.npmjs.org/unctx/-/unctx-2.5.0.tgz",
      "integrity": "sha512-p+Rz9x0R7X+CYDkT+Xg8/GhpcShTlU8n+cf9OtOEf7zEQsNcCZO1dPKNRDqvUTaq+P32PMMkxWHwfrxkqfqAYg==",
      "requires": {
        "acorn": "^8.15.0",
        "estree-walker": "^3.0.3",
        "magic-string": "^0.30.21",
        "unplugin": "^2.3.11"
      }
    },
    "unplugin": {
      "version": "2.3.11",
      "resolved": "https://registry.npmjs.org/unplugin/-/unplugin-2.3.11.tgz",
      "integrity": "sha512-5uKD0nqiYVzlmCRs01Fhs2BdkEgBS3SAVP6ndrBsuK42iC2+JHyxM05Rm9G8+5mkmRtzMZGY8Ct5+mliZxU/Ww==",
      "requires": {
        "@jridgewell/remapping": "^2.3.5",
        "acorn": "^8.15.0",
        "picomatch": "^4.0.3",
        "webpack-virtual-modules": "^0.6.2"
      }
    },
    "untyped": {
      "version": "2.0.0",
      "resolved": "https://registry.npmjs.org/untyped/-/untyped-2.0.0.tgz",
      "integrity": "sha512-nwNCjxJTjNuLCgFr42fEak5OcLuB3ecca+9ksPFNvtfYSLpjf+iJqSIaSnIile6ZPbKYxI5k2AfXqeopGudK/g==",
      "requires": {
        "citty": "^0.1.6",
        "defu": "^6.1.4",
        "jiti": "^2.4.2",
        "knitwork": "^1.2.0",
        "scule": "^1.3.0"
      }
    },
    "webpack-virtual-modules": {
      "version": "0.6.2",
      "resolved": "https://registry.npmjs.org/webpack-virtual-modules/-/webpack-virtual-modules-0.6.2.tgz",
      "integrity": "sha512-66/V2i5hQanC51vBQKPH4aI8NMAcBW59FVBs+rC7eGHupMyfn34q7rZIE+ETlJ+XTevqfUhVVBgSUNSW2flEUQ=="
    }
  }
}
